{
  "name": "projectcalculator",
  "version": "0.0.0",
  "lockfileVersion": 2,
  "requires": true,
  "packages": {
    "": {
      "name": "projectcalculator",
      "version": "0.0.0",
      "devDependencies": {
        "vite": "^3.1.0"
      }
    },
    "node_modules/@esbuild/linux-loong64": {
      "version": "0.15.7",
      "resolved": "https://ab-inbev.pkgs.visualstudio.com/GHQ_B2B_Delta/_packaging/nfa-services/npm/registry/@esbuild/linux-loong64/-/linux-loong64-0.15.7.tgz",
      "integrity": "sha1-HsSvShbFVMvUAsxVfM3YdOP3vlM=",
      "cpu": [
        "loong64"
      ],
      "dev": true,
      "license": "MIT",
      "optional": true,
      "os": [
        "linux"
      ],
      "engines": {
        "node": ">=12"
      }
    },
    "node_modules/esbuild": {
      "version": "0.15.7",
      "resolved": "https://ab-inbev.pkgs.visualstudio.com/GHQ_B2B_Delta/_packaging/nfa-services/npm/registry/esbuild/-/esbuild-0.15.7.tgz",
      "integrity": "sha1-ih8a/1hnGjGZ3STflTFBIvwd3ug=",
      "dev": true,
      "hasInstallScript": true,
      "license": "MIT",
      "bin": {
        "esbuild": "bin/esbuild"
      },
      "engines": {
        "node": ">=12"
      },
      "optionalDependencies": {
        "@esbuild/linux-loong64": "0.15.7",
        "esbuild-android-64": "0.15.7",
        "esbuild-android-arm64": "0.15.7",
        "esbuild-darwin-64": "0.15.7",
        "esbuild-darwin-arm64": "0.15.7",
        "esbuild-freebsd-64": "0.15.7",
        "esbuild-freebsd-arm64": "0.15.7",
        "esbuild-linux-32": "0.15.7",
        "esbuild-linux-64": "0.15.7",
        "esbuild-linux-arm": "0.15.7",
        "esbuild-linux-arm64": "0.15.7",
        "esbuild-linux-mips64le": "0.15.7",
        "esbuild-linux-ppc64le": "0.15.7",
        "esbuild-linux-riscv64": "0.15.7",
        "esbuild-linux-s390x": "0.15.7",
        "esbuild-netbsd-64": "0.15.7",
        "esbuild-openbsd-64": "0.15.7",
        "esbuild-sunos-64": "0.15.7",
        "esbuild-windows-32": "0.15.7",
        "esbuild-windows-64": "0.15.7",
        "esbuild-windows-arm64": "0.15.7"
      }
    },
    "node_modules/esbuild-android-64": {
      "version": "0.15.7",
      "resolved": "https://ab-inbev.pkgs.visualstudio.com/GHQ_B2B_Delta/_packaging/nfa-services/npm/registry/esbuild-android-64/-/esbuild-android-64-0.15.7.tgz",
      "integrity": "sha1-pSFgTYxMa+/Hr/7ciX34zN4Ym+o=",
      "cpu": [
        "x64"
      ],
      "dev": true,
      "license": "MIT",
      "optional": true,
      "os": [
        "android"
      ],
      "engines": {
        "node": ">=12"
      }
    },
    "node_modules/esbuild-android-arm64": {
      "version": "0.15.7",
      "resolved": "https://ab-inbev.pkgs.visualstudio.com/GHQ_B2B_Delta/_packaging/nfa-services/npm/registry/esbuild-android-arm64/-/esbuild-android-arm64-0.15.7.tgz",
      "integrity": "sha1-MHuB8QiL8egd/l89HWOi0qLj5o4=",
      "cpu": [
        "arm64"
      ],
      "dev": true,
      "license": "MIT",
      "optional": true,
      "os": [
        "android"
      ],
      "engines": {
        "node": ">=12"
      }
    },
    "node_modules/esbuild-darwin-64": {
      "version": "0.15.7",
      "resolved": "https://ab-inbev.pkgs.visualstudio.com/GHQ_B2B_Delta/_packaging/nfa-services/npm/registry/esbuild-darwin-64/-/esbuild-darwin-64-0.15.7.tgz",
      "integrity": "sha1-JwEXsMTsa8vFzzopen0RlU8AfhE=",
      "cpu": [
        "x64"
      ],
      "dev": true,
      "license": "MIT",
      "optional": true,
      "os": [
        "darwin"
      ],
      "engines": {
        "node": ">=12"
      }
    },
    "node_modules/esbuild-darwin-arm64": {
      "version": "0.15.7",
      "resolved": "https://ab-inbev.pkgs.visualstudio.com/GHQ_B2B_Delta/_packaging/nfa-services/npm/registry/esbuild-darwin-arm64/-/esbuild-darwin-arm64-0.15.7.tgz",
      "integrity": "sha1-l4UerNEdrLdxlxNgLjMZ4WIC/Hc=",
      "cpu": [
        "arm64"
      ],
      "dev": true,
      "license": "MIT",
      "optional": true,
      "os": [
        "darwin"
      ],
      "engines": {
        "node": ">=12"
      }
    },
    "node_modules/esbuild-freebsd-64": {
      "version": "0.15.7",
      "resolved": "https://ab-inbev.pkgs.visualstudio.com/GHQ_B2B_Delta/_packaging/nfa-services/npm/registry/esbuild-freebsd-64/-/esbuild-freebsd-64-0.15.7.tgz",
      "integrity": "sha1-HeFf+vWukWqpJYAKptAleZYN2MQ=",
      "cpu": [
        "x64"
      ],
      "dev": true,
      "license": "MIT",
      "optional": true,
      "os": [
        "freebsd"
      ],
      "engines": {
        "node": ">=12"
      }
    },
    "node_modules/esbuild-freebsd-arm64": {
      "version": "0.15.7",
      "resolved": "https://ab-inbev.pkgs.visualstudio.com/GHQ_B2B_Delta/_packaging/nfa-services/npm/registry/esbuild-freebsd-arm64/-/esbuild-freebsd-arm64-0.15.7.tgz",
      "integrity": "sha1-DxYNv1yaMaHY3Yesu8saBLcDFZQ=",
      "cpu": [
        "arm64"
      ],
      "dev": true,
      "license": "MIT",
      "optional": true,
      "os": [
        "freebsd"
      ],
      "engines": {
        "node": ">=12"
      }
    },
    "node_modules/esbuild-linux-32": {
      "version": "0.15.7",
      "resolved": "https://ab-inbev.pkgs.visualstudio.com/GHQ_B2B_Delta/_packaging/nfa-services/npm/registry/esbuild-linux-32/-/esbuild-linux-32-0.15.7.tgz",
      "integrity": "sha1-Qi64UzcKXkC9zos5UlOA3hHMrew=",
      "cpu": [
        "ia32"
      ],
      "dev": true,
      "license": "MIT",
      "optional": true,
      "os": [
        "linux"
      ],
      "engines": {
        "node": ">=12"
      }
    },
    "node_modules/esbuild-linux-64": {
      "version": "0.15.7",
      "resolved": "https://ab-inbev.pkgs.visualstudio.com/GHQ_B2B_Delta/_packaging/nfa-services/npm/registry/esbuild-linux-64/-/esbuild-linux-64-0.15.7.tgz",
      "integrity": "sha1-+JxGhFO7MZSxTxncMuC5lhLoHSs=",
      "cpu": [
        "x64"
      ],
      "dev": true,
      "license": "MIT",
      "optional": true,
      "os": [
        "linux"
      ],
      "engines": {
        "node": ">=12"
      }
    },
    "node_modules/esbuild-linux-arm": {
      "version": "0.15.7",
      "resolved": "https://ab-inbev.pkgs.visualstudio.com/GHQ_B2B_Delta/_packaging/nfa-services/npm/registry/esbuild-linux-arm/-/esbuild-linux-arm-0.15.7.tgz",
      "integrity": "sha1-K3x4TQszOYeAE9+oK/Xq+Cx859M=",
      "cpu": [
        "arm"
      ],
      "dev": true,
      "license": "MIT",
      "optional": true,
      "os": [
        "linux"
      ],
      "engines": {
        "node": ">=12"
      }
    },
    "node_modules/esbuild-linux-arm64": {
      "version": "0.15.7",
      "resolved": "https://ab-inbev.pkgs.visualstudio.com/GHQ_B2B_Delta/_packaging/nfa-services/npm/registry/esbuild-linux-arm64/-/esbuild-linux-arm64-0.15.7.tgz",
      "integrity": "sha1-aKedbrXgMu+5FooPNAzP0z1jUKE=",
      "cpu": [
        "arm64"
      ],
      "dev": true,
      "license": "MIT",
      "optional": true,
      "os": [
        "linux"
      ],
      "engines": {
        "node": ">=12"
      }
    },
    "node_modules/esbuild-linux-mips64le": {
      "version": "0.15.7",
      "resolved": "https://ab-inbev.pkgs.visualstudio.com/GHQ_B2B_Delta/_packaging/nfa-services/npm/registry/esbuild-linux-mips64le/-/esbuild-linux-mips64le-0.15.7.tgz",
      "integrity": "sha1-u4MwpQsUqoRnOBbLY8xsi5vrYsw=",
      "cpu": [
        "mips64el"
      ],
      "dev": true,
      "license": "MIT",
      "optional": true,
      "os": [
        "linux"
      ],
      "engines": {
        "node": ">=12"
      }
    },
    "node_modules/esbuild-linux-ppc64le": {
      "version": "0.15.7",
      "resolved": "https://ab-inbev.pkgs.visualstudio.com/GHQ_B2B_Delta/_packaging/nfa-services/npm/registry/esbuild-linux-ppc64le/-/esbuild-linux-ppc64le-0.15.7.tgz",
      "integrity": "sha1-UlROf6mSgR65lmdAkNC8QfBnoUs=",
      "cpu": [
        "ppc64"
      ],
      "dev": true,
      "license": "MIT",
      "optional": true,
      "os": [
        "linux"
      ],
      "engines": {
        "node": ">=12"
      }
    },
    "node_modules/esbuild-linux-riscv64": {
      "version": "0.15.7",
      "resolved": "https://ab-inbev.pkgs.visualstudio.com/GHQ_B2B_Delta/_packaging/nfa-services/npm/registry/esbuild-linux-riscv64/-/esbuild-linux-riscv64-0.15.7.tgz",
      "integrity": "sha1-pDrmBpeZK5V+RUy7Yi9+5Sl+gVk=",
      "cpu": [
        "riscv64"
      ],
      "dev": true,
      "license": "MIT",
      "optional": true,
      "os": [
        "linux"
      ],
      "engines": {
        "node": ">=12"
      }
    },
    "node_modules/esbuild-linux-s390x": {
      "version": "0.15.7",
      "resolved": "https://ab-inbev.pkgs.visualstudio.com/GHQ_B2B_Delta/_packaging/nfa-services/npm/registry/esbuild-linux-s390x/-/esbuild-linux-s390x-0.15.7.tgz",
      "integrity": "sha1-jHahJd0QqEwWYpTXdBbKr14ce2Q=",
      "cpu": [
        "s390x"
      ],
      "dev": true,
      "license": "MIT",
      "optional": true,
      "os": [
        "linux"
      ],
      "engines": {
        "node": ">=12"
      }
    },
    "node_modules/esbuild-netbsd-64": {
      "version": "0.15.7",
      "resolved": "https://ab-inbev.pkgs.visualstudio.com/GHQ_B2B_Delta/_packaging/nfa-services/npm/registry/esbuild-netbsd-64/-/esbuild-netbsd-64-0.15.7.tgz",
      "integrity": "sha1-GbLnVEnX2cMrXYoiK6wvHgw7CP0=",
      "cpu": [
        "x64"
      ],
      "dev": true,
      "license": "MIT",
      "optional": true,
      "os": [
        "netbsd"
      ],
      "engines": {
        "node": ">=12"
      }
    },
    "node_modules/esbuild-openbsd-64": {
      "version": "0.15.7",
      "resolved": "https://ab-inbev.pkgs.visualstudio.com/GHQ_B2B_Delta/_packaging/nfa-services/npm/registry/esbuild-openbsd-64/-/esbuild-openbsd-64-0.15.7.tgz",
      "integrity": "sha1-E1eyv3L9A32RUOdRQgof5Mhhitc=",
      "cpu": [
        "x64"
      ],
      "dev": true,
      "license": "MIT",
      "optional": true,
      "os": [
        "openbsd"
      ],
      "engines": {
        "node": ">=12"
      }
    },
    "node_modules/esbuild-sunos-64": {
      "version": "0.15.7",
      "resolved": "https://ab-inbev.pkgs.visualstudio.com/GHQ_B2B_Delta/_packaging/nfa-services/npm/registry/esbuild-sunos-64/-/esbuild-sunos-64-0.15.7.tgz",
      "integrity": "sha1-h6ssYEWSqcPHY+cpadoNcrzekdI=",
      "cpu": [
        "x64"
      ],
      "dev": true,
      "license": "MIT",
      "optional": true,
      "os": [
        "sunos"
      ],
      "engines": {
        "node": ">=12"
      }
    },
    "node_modules/esbuild-windows-32": {
      "version": "0.15.7",
      "resolved": "https://ab-inbev.pkgs.visualstudio.com/GHQ_B2B_Delta/_packaging/nfa-services/npm/registry/esbuild-windows-32/-/esbuild-windows-32-0.15.7.tgz",
      "integrity": "sha1-yB5ojARXZlqNRjpmnlv2CHAyPpk=",
      "cpu": [
        "ia32"
      ],
      "dev": true,
      "license": "MIT",
      "optional": true,
      "os": [
        "win32"
      ],
      "engines": {
        "node": ">=12"
      }
    },
    "node_modules/esbuild-windows-64": {
      "version": "0.15.7",
      "resolved": "https://ab-inbev.pkgs.visualstudio.com/GHQ_B2B_Delta/_packaging/nfa-services/npm/registry/esbuild-windows-64/-/esbuild-windows-64-0.15.7.tgz",
      "integrity": "sha1-JCHRrjSwVhqdZ2c0azgZYSZsTv8=",
      "cpu": [
        "x64"
      ],
      "dev": true,
      "license": "MIT",
      "optional": true,
      "os": [
        "win32"
      ],
      "engines": {
        "node": ">=12"
      }
    },
    "node_modules/esbuild-windows-arm64": {
      "version": "0.15.7",
      "resolved": "https://ab-inbev.pkgs.visualstudio.com/GHQ_B2B_Delta/_packaging/nfa-services/npm/registry/esbuild-windows-arm64/-/esbuild-windows-arm64-0.15.7.tgz",
      "integrity": "sha1-fV6eBgp7RUyy9X+Eo/PCPI8wt9I=",
      "cpu": [
        "arm64"
      ],
      "dev": true,
      "license": "MIT",
      "optional": true,
      "os": [
        "win32"
      ],
      "engines": {
        "node": ">=12"
      }
    },
    "node_modules/fsevents": {
      "version": "2.3.2",
      "resolved": "https://ab-inbev.pkgs.visualstudio.com/GHQ_B2B_Delta/_packaging/nfa-services/npm/registry/fsevents/-/fsevents-2.3.2.tgz",
      "integrity": "sha1-ilJveLj99GI7cJ4Ll1xSwkwC/Ro=",
      "dev": true,
      "license": "MIT",
      "optional": true,
      "os": [
        "darwin"
      ],
      "engines": {
        "node": "^8.16.0 || ^10.6.0 || >=11.0.0"
      }
    },
    "node_modules/function-bind": {
      "version": "1.1.1",
      "resolved": "https://ab-inbev.pkgs.visualstudio.com/GHQ_B2B_Delta/_packaging/nfa-services/npm/registry/function-bind/-/function-bind-1.1.1.tgz",
      "integrity": "sha1-pWiZ0+o8m6uHS7l3O3xe3pL0iV0=",
      "dev": true,
      "license": "MIT"
    },
    "node_modules/has": {
      "version": "1.0.3",
      "resolved": "https://ab-inbev.pkgs.visualstudio.com/GHQ_B2B_Delta/_packaging/nfa-services/npm/registry/has/-/has-1.0.3.tgz",
      "integrity": "sha1-ci18v8H2qoJB8W3YFOAR4fQeh5Y=",
      "dev": true,
      "license": "MIT",
      "dependencies": {
        "function-bind": "^1.1.1"
      },
      "engines": {
        "node": ">= 0.4.0"
      }
    },
    "node_modules/is-core-module": {
      "version": "2.10.0",
      "resolved": "https://ab-inbev.pkgs.visualstudio.com/GHQ_B2B_Delta/_packaging/nfa-services/npm/registry/is-core-module/-/is-core-module-2.10.0.tgz",
      "integrity": "sha1-kBLt4KkcaVh+ZHUU4dUncBnnKO0=",
      "dev": true,
      "license": "MIT",
      "dependencies": {
        "has": "^1.0.3"
      },
      "funding": {
        "url": "https://github.com/sponsors/ljharb"
      }
    },
    "node_modules/nanoid": {
      "version": "3.3.4",
      "resolved": "https://ab-inbev.pkgs.visualstudio.com/GHQ_B2B_Delta/_packaging/nfa-services/npm/registry/nanoid/-/nanoid-3.3.4.tgz",
      "integrity": "sha1-cwtn480J4t6s8DwCfIHJ2dvF6Ks=",
      "dev": true,
      "license": "MIT",
      "bin": {
        "nanoid": "bin/nanoid.cjs"
      },
      "engines": {
        "node": "^10 || ^12 || ^13.7 || ^14 || >=15.0.1"
      }
    },
    "node_modules/path-parse": {
      "version": "1.0.7",
      "resolved": "https://ab-inbev.pkgs.visualstudio.com/GHQ_B2B_Delta/_packaging/nfa-services/npm/registry/path-parse/-/path-parse-1.0.7.tgz",
      "integrity": "sha1-+8EUtgykKzDZ2vWFjkvWi77bZzU=",
      "dev": true,
      "license": "MIT"
    },
    "node_modules/picocolors": {
      "version": "1.0.0",
      "resolved": "https://ab-inbev.pkgs.visualstudio.com/GHQ_B2B_Delta/_packaging/nfa-services/npm/registry/picocolors/-/picocolors-1.0.0.tgz",
      "integrity": "sha1-y1vcdP8/UYkiNur3nWi8RFZKuBw=",
      "dev": true,
      "license": "ISC"
    },
    "node_modules/postcss": {
      "version": "8.4.16",
      "resolved": "https://ab-inbev.pkgs.visualstudio.com/GHQ_B2B_Delta/_packaging/nfa-services/npm/registry/postcss/-/postcss-8.4.16.tgz",
      "integrity": "sha1-M6HWdfrDmUH19EXbDeTbK24B1Dw=",
      "dev": true,
      "funding": [
        {
          "type": "opencollective",
          "url": "https://opencollective.com/postcss/"
        },
        {
          "type": "tidelift",
          "url": "https://tidelift.com/funding/github/npm/postcss"
        }
      ],
      "license": "MIT",
      "dependencies": {
        "nanoid": "^3.3.4",
        "picocolors": "^1.0.0",
        "source-map-js": "^1.0.2"
      },
      "engines": {
        "node": "^10 || ^12 || >=14"
      }
    },
    "node_modules/resolve": {
      "version": "1.22.1",
      "resolved": "https://ab-inbev.pkgs.visualstudio.com/GHQ_B2B_Delta/_packaging/nfa-services/npm/registry/resolve/-/resolve-1.22.1.tgz",
      "integrity": "sha1-J8suu1P5GrtJRwqSi7p1WAZqwXc=",
      "dev": true,
      "license": "MIT",
      "dependencies": {
        "is-core-module": "^2.9.0",
        "path-parse": "^1.0.7",
        "supports-preserve-symlinks-flag": "^1.0.0"
      },
      "bin": {
        "resolve": "bin/resolve"
      },
      "funding": {
        "url": "https://github.com/sponsors/ljharb"
      }
    },
    "node_modules/rollup": {
      "version": "2.78.1",
      "resolved": "https://ab-inbev.pkgs.visualstudio.com/GHQ_B2B_Delta/_packaging/nfa-services/npm/registry/rollup/-/rollup-2.78.1.tgz",
      "integrity": "sha1-Uv45NNnIPLT3xMtft12IWRvoZI8=",
      "dev": true,
      "license": "MIT",
      "bin": {
        "rollup": "dist/bin/rollup"
      },
      "engines": {
        "node": ">=10.0.0"
      },
      "optionalDependencies": {
        "fsevents": "~2.3.2"
      }
    },
    "node_modules/source-map-js": {
      "version": "1.0.2",
      "resolved": "https://ab-inbev.pkgs.visualstudio.com/GHQ_B2B_Delta/_packaging/nfa-services/npm/registry/source-map-js/-/source-map-js-1.0.2.tgz",
      "integrity": "sha1-rbw2HZxi3zgBJefxYfccgm8eSQw=",
      "dev": true,
      "license": "BSD-3-Clause",
      "engines": {
        "node": ">=0.10.0"
      }
    },
    "node_modules/supports-preserve-symlinks-flag": {
      "version": "1.0.0",
      "resolved": "https://ab-inbev.pkgs.visualstudio.com/GHQ_B2B_Delta/_packaging/nfa-services/npm/registry/supports-preserve-symlinks-flag/-/supports-preserve-symlinks-flag-1.0.0.tgz",
      "integrity": "sha1-btpL00SjyUrqN21MwxvHcxEDngk=",
      "dev": true,
      "license": "MIT",
      "engines": {
        "node": ">= 0.4"
      },
      "funding": {
        "url": "https://github.com/sponsors/ljharb"
      }
    },
    "node_modules/vite": {
      "version": "3.1.0",
      "resolved": "https://ab-inbev.pkgs.visualstudio.com/GHQ_B2B_Delta/_packaging/nfa-services/npm/registry/vite/-/vite-3.1.0.tgz",
      "integrity": "sha1-MTiyeQcpQdV+drz39m8nL8ahf+I=",
      "dev": true,
      "license": "MIT",
      "dependencies": {
        "esbuild": "^0.15.6",
        "postcss": "^8.4.16",
        "resolve": "^1.22.1",
        "rollup": "~2.78.0"
      },
      "bin": {
        "vite": "bin/vite.js"
      },
      "engines": {
        "node": "^14.18.0 || >=16.0.0"
      },
      "optionalDependencies": {
        "fsevents": "~2.3.2"
      },
      "peerDependencies": {
        "less": "*",
        "sass": "*",
        "stylus": "*",
        "terser": "^5.4.0"
      },
      "peerDependenciesMeta": {
        "less": {
          "optional": true
        },
        "sass": {
          "optional": true
        },
        "stylus": {
          "optional": true
        },
        "terser": {
          "optional": true
        }
      }
    }
  },
  "dependencies": {
    "@esbuild/linux-loong64": {
      "version": "0.15.7",
      "resolved": "https://ab-inbev.pkgs.visualstudio.com/GHQ_B2B_Delta/_packaging/nfa-services/npm/registry/@esbuild/linux-loong64/-/linux-loong64-0.15.7.tgz",
      "integrity": "sha1-HsSvShbFVMvUAsxVfM3YdOP3vlM=",
      "dev": true,
      "optional": true
    },
    "esbuild": {
      "version": "0.15.7",
      "resolved": "https://ab-inbev.pkgs.visualstudio.com/GHQ_B2B_Delta/_packaging/nfa-services/npm/registry/esbuild/-/esbuild-0.15.7.tgz",
      "integrity": "sha1-ih8a/1hnGjGZ3STflTFBIvwd3ug=",
      "dev": true,
      "requires": {
        "@esbuild/linux-loong64": "0.15.7",
        "esbuild-android-64": "0.15.7",
        "esbuild-android-arm64": "0.15.7",
        "esbuild-darwin-64": "0.15.7",
        "esbuild-darwin-arm64": "0.15.7",
        "esbuild-freebsd-64": "0.15.7",
        "esbuild-freebsd-arm64": "0.15.7",
        "esbuild-linux-32": "0.15.7",
        "esbuild-linux-64": "0.15.7",
        "esbuild-linux-arm": "0.15.7",
        "esbuild-linux-arm64": "0.15.7",
        "esbuild-linux-mips64le": "0.15.7",
        "esbuild-linux-ppc64le": "0.15.7",
        "esbuild-linux-riscv64": "0.15.7",
        "esbuild-linux-s390x": "0.15.7",
        "esbuild-netbsd-64": "0.15.7",
        "esbuild-openbsd-64": "0.15.7",
        "esbuild-sunos-64": "0.15.7",
        "esbuild-windows-32": "0.15.7",
        "esbuild-windows-64": "0.15.7",
        "esbuild-windows-arm64": "0.15.7"
      }
    },
    "esbuild-android-64": {
      "version": "0.15.7",
      "resolved": "https://ab-inbev.pkgs.visualstudio.com/GHQ_B2B_Delta/_packaging/nfa-services/npm/registry/esbuild-android-64/-/esbuild-android-64-0.15.7.tgz",
      "integrity": "sha1-pSFgTYxMa+/Hr/7ciX34zN4Ym+o=",
      "dev": true,
      "optional": true
    },
    "esbuild-android-arm64": {
      "version": "0.15.7",
      "resolved": "https://ab-inbev.pkgs.visualstudio.com/GHQ_B2B_Delta/_packaging/nfa-services/npm/registry/esbuild-android-arm64/-/esbuild-android-arm64-0.15.7.tgz",
      "integrity": "sha1-MHuB8QiL8egd/l89HWOi0qLj5o4=",
      "dev": true,
      "optional": true
    },
    "esbuild-darwin-64": {
      "version": "0.15.7",
      "resolved": "https://ab-inbev.pkgs.visualstudio.com/GHQ_B2B_Delta/_packaging/nfa-services/npm/registry/esbuild-darwin-64/-/esbuild-darwin-64-0.15.7.tgz",
      "integrity": "sha1-JwEXsMTsa8vFzzopen0RlU8AfhE=",
      "dev": true,
      "optional": true
    },
    "esbuild-darwin-arm64": {
      "version": "0.15.7",
      "resolved": "https://ab-inbev.pkgs.visualstudio.com/GHQ_B2B_Delta/_packaging/nfa-services/npm/registry/esbuild-darwin-arm64/-/esbuild-darwin-arm64-0.15.7.tgz",
      "integrity": "sha1-l4UerNEdrLdxlxNgLjMZ4WIC/Hc=",
      "dev": true,
      "optional": true
    },
    "esbuild-freebsd-64": {
      "version": "0.15.7",
      "resolved": "https://ab-inbev.pkgs.visualstudio.com/GHQ_B2B_Delta/_packaging/nfa-services/npm/registry/esbuild-freebsd-64/-/esbuild-freebsd-64-0.15.7.tgz",
      "integrity": "sha1-HeFf+vWukWqpJYAKptAleZYN2MQ=",
      "dev": true,
      "optional": true
    },
    "esbuild-freebsd-arm64": {
      "version": "0.15.7",
      "resolved": "https://ab-inbev.pkgs.visualstudio.com/GHQ_B2B_Delta/_packaging/nfa-services/npm/registry/esbuild-freebsd-arm64/-/esbuild-freebsd-arm64-0.15.7.tgz",
      "integrity": "sha1-DxYNv1yaMaHY3Yesu8saBLcDFZQ=",
      "dev": true,
      "optional": true
    },
    "esbuild-linux-32": {
      "version": "0.15.7",
      "resolved": "https://ab-inbev.pkgs.visualstudio.com/GHQ_B2B_Delta/_packaging/nfa-services/npm/registry/esbuild-linux-32/-/esbuild-linux-32-0.15.7.tgz",
      "integrity": "sha1-Qi64UzcKXkC9zos5UlOA3hHMrew=",
      "dev": true,
      "optional": true
    },
    "esbuild-linux-64": {
      "version": "0.15.7",
      "resolved": "https://ab-inbev.pkgs.visualstudio.com/GHQ_B2B_Delta/_packaging/nfa-services/npm/registry/esbuild-linux-64/-/esbuild-linux-64-0.15.7.tgz",
      "integrity": "sha1-+JxGhFO7MZSxTxncMuC5lhLoHSs=",
      "dev": true,
      "optional": true
    },
    "esbuild-linux-arm": {
      "version": "0.15.7",
      "resolved": "https://ab-inbev.pkgs.visualstudio.com/GHQ_B2B_Delta/_packaging/nfa-services/npm/registry/esbuild-linux-arm/-/esbuild-linux-arm-0.15.7.tgz",
      "integrity": "sha1-K3x4TQszOYeAE9+oK/Xq+Cx859M=",
      "dev": true,
      "optional": true
    },
    "esbuild-linux-arm64": {
      "version": "0.15.7",
      "resolved": "https://ab-inbev.pkgs.visualstudio.com/GHQ_B2B_Delta/_packaging/nfa-services/npm/registry/esbuild-linux-arm64/-/esbuild-linux-arm64-0.15.7.tgz",
      "integrity": "sha1-aKedbrXgMu+5FooPNAzP0z1jUKE=",
      "dev": true,
      "optional": true
    },
    "esbuild-linux-mips64le": {
      "version": "0.15.7",
      "resolved": "https://ab-inbev.pkgs.visualstudio.com/GHQ_B2B_Delta/_packaging/nfa-services/npm/registry/esbuild-linux-mips64le/-/esbuild-linux-mips64le-0.15.7.tgz",
      "integrity": "sha1-u4MwpQsUqoRnOBbLY8xsi5vrYsw=",
      "dev": true,
      "optional": true
    },
    "esbuild-linux-ppc64le": {
      "version": "0.15.7",
      "resolved": "https://ab-inbev.pkgs.visualstudio.com/GHQ_B2B_Delta/_packaging/nfa-services/npm/registry/esbuild-linux-ppc64le/-/esbuild-linux-ppc64le-0.15.7.tgz",
      "integrity": "sha1-UlROf6mSgR65lmdAkNC8QfBnoUs=",
      "dev": true,
      "optional": true
    },
    "esbuild-linux-riscv64": {
      "version": "0.15.7",
      "resolved": "https://ab-inbev.pkgs.visualstudio.com/GHQ_B2B_Delta/_packaging/nfa-services/npm/registry/esbuild-linux-riscv64/-/esbuild-linux-riscv64-0.15.7.tgz",
      "integrity": "sha1-pDrmBpeZK5V+RUy7Yi9+5Sl+gVk=",
      "dev": true,
      "optional": true
    },
    "esbuild-linux-s390x": {
      "version": "0.15.7",
      "resolved": "https://ab-inbev.pkgs.visualstudio.com/GHQ_B2B_Delta/_packaging/nfa-services/npm/registry/esbuild-linux-s390x/-/esbuild-linux-s390x-0.15.7.tgz",
      "integrity": "sha1-jHahJd0QqEwWYpTXdBbKr14ce2Q=",
      "dev": true,
      "optional": true
    },
    "esbuild-netbsd-64": {
      "version": "0.15.7",
      "resolved": "https://ab-inbev.pkgs.visualstudio.com/GHQ_B2B_Delta/_packaging/nfa-services/npm/registry/esbuild-netbsd-64/-/esbuild-netbsd-64-0.15.7.tgz",
      "integrity": "sha1-GbLnVEnX2cMrXYoiK6wvHgw7CP0=",
      "dev": true,
      "optional": true
    },
    "esbuild-openbsd-64": {
      "version": "0.15.7",
      "resolved": "https://ab-inbev.pkgs.visualstudio.com/GHQ_B2B_Delta/_packaging/nfa-services/npm/registry/esbuild-openbsd-64/-/esbuild-openbsd-64-0.15.7.tgz",
      "integrity": "sha1-E1eyv3L9A32RUOdRQgof5Mhhitc=",
      "dev": true,
      "optional": true
    },
    "esbuild-sunos-64": {
      "version": "0.15.7",
      "resolved": "https://ab-inbev.pkgs.visualstudio.com/GHQ_B2B_Delta/_packaging/nfa-services/npm/registry/esbuild-sunos-64/-/esbuild-sunos-64-0.15.7.tgz",
      "integrity": "sha1-h6ssYEWSqcPHY+cpadoNcrzekdI=",
      "dev": true,
      "optional": true
    },
    "esbuild-windows-32": {
      "version": "0.15.7",
      "resolved": "https://ab-inbev.pkgs.visualstudio.com/GHQ_B2B_Delta/_packaging/nfa-services/npm/registry/esbuild-windows-32/-/esbuild-windows-32-0.15.7.tgz",
      "integrity": "sha1-yB5ojARXZlqNRjpmnlv2CHAyPpk=",
      "dev": true,
      "optional": true
    },
    "esbuild-windows-64": {
      "version": "0.15.7",
      "resolved": "https://ab-inbev.pkgs.visualstudio.com/GHQ_B2B_Delta/_packaging/nfa-services/npm/registry/esbuild-windows-64/-/esbuild-windows-64-0.15.7.tgz",
      "integrity": "sha1-JCHRrjSwVhqdZ2c0azgZYSZsTv8=",
      "dev": true,
      "optional": true
    },
    "esbuild-windows-arm64": {
      "version": "0.15.7",
      "resolved": "https://ab-inbev.pkgs.visualstudio.com/GHQ_B2B_Delta/_packaging/nfa-services/npm/registry/esbuild-windows-arm64/-/esbuild-windows-arm64-0.15.7.tgz",
      "integrity": "sha1-fV6eBgp7RUyy9X+Eo/PCPI8wt9I=",
      "dev": true,
      "optional": true
    },
    "fsevents": {
      "version": "2.3.2",
      "resolved": "https://ab-inbev.pkgs.visualstudio.com/GHQ_B2B_Delta/_packaging/nfa-services/npm/registry/fsevents/-/fsevents-2.3.2.tgz",
      "integrity": "sha1-ilJveLj99GI7cJ4Ll1xSwkwC/Ro=",
      "dev": true,
      "optional": true
    },
    "function-bind": {
      "version": "1.1.1",
      "resolved": "https://ab-inbev.pkgs.visualstudio.com/GHQ_B2B_Delta/_packaging/nfa-services/npm/registry/function-bind/-/function-bind-1.1.1.tgz",
      "integrity": "sha1-pWiZ0+o8m6uHS7l3O3xe3pL0iV0=",
      "dev": true
    },
    "has": {
      "version": "1.0.3",
      "resolved": "https://ab-inbev.pkgs.visualstudio.com/GHQ_B2B_Delta/_packaging/nfa-services/npm/registry/has/-/has-1.0.3.tgz",
      "integrity": "sha1-ci18v8H2qoJB8W3YFOAR4fQeh5Y=",
      "dev": true,
      "requires": {
        "function-bind": "^1.1.1"
      }
    },
    "is-core-module": {
      "version": "2.10.0",
      "resolved": "https://ab-inbev.pkgs.visualstudio.com/GHQ_B2B_Delta/_packaging/nfa-services/npm/registry/is-core-module/-/is-core-module-2.10.0.tgz",
      "integrity": "sha1-kBLt4KkcaVh+ZHUU4dUncBnnKO0=",
      "dev": true,
      "requires": {
        "has": "^1.0.3"
      }
    },
    "nanoid": {
      "version": "3.3.4",
      "resolved": "https://ab-inbev.pkgs.visualstudio.com/GHQ_B2B_Delta/_packaging/nfa-services/npm/registry/nanoid/-/nanoid-3.3.4.tgz",
      "integrity": "sha1-cwtn480J4t6s8DwCfIHJ2dvF6Ks=",
      "dev": true
    },
    "path-parse": {
      "version": "1.0.7",
      "resolved": "https://ab-inbev.pkgs.visualstudio.com/GHQ_B2B_Delta/_packaging/nfa-services/npm/registry/path-parse/-/path-parse-1.0.7.tgz",
      "integrity": "sha1-+8EUtgykKzDZ2vWFjkvWi77bZzU=",
      "dev": true
    },
    "picocolors": {
      "version": "1.0.0",
      "resolved": "https://ab-inbev.pkgs.visualstudio.com/GHQ_B2B_Delta/_packaging/nfa-services/npm/registry/picocolors/-/picocolors-1.0.0.tgz",
      "integrity": "sha1-y1vcdP8/UYkiNur3nWi8RFZKuBw=",
      "dev": true
    },
    "postcss": {
      "version": "8.4.16",
      "resolved": "https://ab-inbev.pkgs.visualstudio.com/GHQ_B2B_Delta/_packaging/nfa-services/npm/registry/postcss/-/postcss-8.4.16.tgz",
      "integrity": "sha1-M6HWdfrDmUH19EXbDeTbK24B1Dw=",
      "dev": true,
      "requires": {
        "nanoid": "^3.3.4",
        "picocolors": "^1.0.0",
        "source-map-js": "^1.0.2"
      }
    },
    "resolve": {
      "version": "1.22.1",
      "resolved": "https://ab-inbev.pkgs.visualstudio.com/GHQ_B2B_Delta/_packaging/nfa-services/npm/registry/resolve/-/resolve-1.22.1.tgz",
      "integrity": "sha1-J8suu1P5GrtJRwqSi7p1WAZqwXc=",
      "dev": true,
      "requires": {
        "is-core-module": "^2.9.0",
        "path-parse": "^1.0.7",
        "supports-preserve-symlinks-flag": "^1.0.0"
      }
    },
    "rollup": {
      "version": "2.78.1",
      "resolved": "https://ab-inbev.pkgs.visualstudio.com/GHQ_B2B_Delta/_packaging/nfa-services/npm/registry/rollup/-/rollup-2.78.1.tgz",
      "integrity": "sha1-Uv45NNnIPLT3xMtft12IWRvoZI8=",
      "dev": true,
      "requires": {
        "fsevents": "~2.3.2"
      }
    },
    "source-map-js": {
      "version": "1.0.2",
      "resolved": "https://ab-inbev.pkgs.visualstudio.com/GHQ_B2B_Delta/_packaging/nfa-services/npm/registry/source-map-js/-/source-map-js-1.0.2.tgz",
      "integrity": "sha1-rbw2HZxi3zgBJefxYfccgm8eSQw=",
      "dev": true
    },
    "supports-preserve-symlinks-flag": {
      "version": "1.0.0",
      "resolved": "https://ab-inbev.pkgs.visualstudio.com/GHQ_B2B_Delta/_packaging/nfa-services/npm/registry/supports-preserve-symlinks-flag/-/supports-preserve-symlinks-flag-1.0.0.tgz",
      "integrity": "sha1-btpL00SjyUrqN21MwxvHcxEDngk=",
      "dev": true
    },
    "vite": {
      "version": "3.1.0",
      "resolved": "https://ab-inbev.pkgs.visualstudio.com/GHQ_B2B_Delta/_packaging/nfa-services/npm/registry/vite/-/vite-3.1.0.tgz",
      "integrity": "sha1-MTiyeQcpQdV+drz39m8nL8ahf+I=",
      "dev": true,
      "requires": {
        "esbuild": "^0.15.6",
        "fsevents": "~2.3.2",
        "postcss": "^8.4.16",
        "resolve": "^1.22.1",
        "rollup": "~2.78.0"
      }
    }
  }
}
